// !$*UTF8*$!
{
	archiveVersion = 1;
	classes = {
	};
	objectVersion = 46;
	objects = {

/* Begin PBXBuildFile section */
		8586E24B181BCA86002D1247 /* Foundation.framework in Frameworks */ = {isa = PBXBuildFile; fileRef = 8586E24A181BCA86002D1247 /* Foundation.framework */; };
		8586E24D181BCA86002D1247 /* CoreGraphics.framework in Frameworks */ = {isa = PBXBuildFile; fileRef = 8586E24C181BCA86002D1247 /* CoreGraphics.framework */; };
		8586E24F181BCA86002D1247 /* UIKit.framework in Frameworks */ = {isa = PBXBuildFile; fileRef = 8586E24E181BCA86002D1247 /* UIKit.framework */; };
		8586E255181BCA86002D1247 /* InfoPlist.strings in Resources */ = {isa = PBXBuildFile; fileRef = 8586E253181BCA86002D1247 /* InfoPlist.strings */; };
		8586E257181BCA86002D1247 /* main.m in Sources */ = {isa = PBXBuildFile; fileRef = 8586E256181BCA86002D1247 /* main.m */; };
		8586E25B181BCA86002D1247 /* AppDelegate.m in Sources */ = {isa = PBXBuildFile; fileRef = 8586E25A181BCA86002D1247 /* AppDelegate.m */; };
		8586E25E181BCA86002D1247 /* Main.storyboard in Resources */ = {isa = PBXBuildFile; fileRef = 8586E25C181BCA86002D1247 /* Main.storyboard */; };
		8586E261181BCA87002D1247 /* ViewController.m in Sources */ = {isa = PBXBuildFile; fileRef = 8586E260181BCA87002D1247 /* ViewController.m */; };
		8586E263181BCA87002D1247 /* Images.xcassets in Resources */ = {isa = PBXBuildFile; fileRef = 8586E262181BCA87002D1247 /* Images.xcassets */; };
		8586E26A181BCA87002D1247 /* XCTest.framework in Frameworks */ = {isa = PBXBuildFile; fileRef = 8586E269181BCA87002D1247 /* XCTest.framework */; };
		8586E26B181BCA87002D1247 /* Foundation.framework in Frameworks */ = {isa = PBXBuildFile; fileRef = 8586E24A181BCA86002D1247 /* Foundation.framework */; };
		8586E26C181BCA87002D1247 /* UIKit.framework in Frameworks */ = {isa = PBXBuildFile; fileRef = 8586E24E181BCA86002D1247 /* UIKit.framework */; };
		8586E274181BCA87002D1247 /* InfoPlist.strings in Resources */ = {isa = PBXBuildFile; fileRef = 8586E272181BCA87002D1247 /* InfoPlist.strings */; };
		8586E276181BCA87002D1247 /* day09Tests.m in Sources */ = {isa = PBXBuildFile; fileRef = 8586E275181BCA87002D1247 /* day09Tests.m */; };
/* End PBXBuildFile section */

/* Begin PBXContainerItemProxy section */
		8586E26D181BCA87002D1247 /* PBXContainerItemProxy */ = {
			isa = PBXContainerItemProxy;
			containerPortal = 8586E23F181BCA86002D1247 /* Project object */;
			proxyType = 1;
			remoteGlobalIDString = 8586E246181BCA86002D1247;
			remoteInfo = day09;
		};
/* End PBXContainerItemProxy section */

/* Begin PBXFileReference section */
		8586E247181BCA86002D1247 /* day09.app */ = {isa = PBXFileReference; explicitFileType = wrapper.application; includeInIndex = 0; path = day09.app; sourceTree = BUILT_PRODUCTS_DIR; };
		8586E24A181BCA86002D1247 /* Foundation.framework */ = {isa = PBXFileReference; lastKnownFileType = wrapper.framework; name = Foundation.framework; path = System/Library/Frameworks/Foundation.framework; sourceTree = SDKROOT; };
		8586E24C181BCA86002D1247 /* CoreGraphics.framework */ = {isa = PBXFileReference; lastKnownFileType = wrapper.framework; name = CoreGraphics.framework; path = System/Library/Frameworks/CoreGraphics.framework; sourceTree = SDKROOT; };
		8586E24E181BCA86002D1247 /* UIKit.framework */ = {isa = PBXFileReference; lastKnownFileType = wrapper.framework; name = UIKit.framework; path = System/Library/Frameworks/UIKit.framework; sourceTree = SDKROOT; };
		8586E252181BCA86002D1247 /* day09-Info.plist */ = {isa = PBXFileReference; lastKnownFileType = text.plist.xml; path = "day09-Info.plist"; sourceTree = "<group>"; };
		8586E254181BCA86002D1247 /* en */ = {isa = PBXFileReference; lastKnownFileType = text.plist.strings; name = en; path = en.lproj/InfoPlist.strings; sourceTree = "<group>"; };
		8586E256181BCA86002D1247 /* main.m */ = {isa = PBXFileReference; lastKnownFileType = sourcecode.c.objc; path = main.m; sourceTree = "<group>"; };
		8586E258181BCA86002D1247 /* day09-Prefix.pch */ = {isa = PBXFileReference; lastKnownFileType = sourcecode.c.h; path = "day09-Prefix.pch"; sourceTree = "<group>"; };
		8586E259181BCA86002D1247 /* AppDelegate.h */ = {isa = PBXFileReference; lastKnownFileType = sourcecode.c.h; path = AppDelegate.h; sourceTree = "<group>"; };
		8586E25A181BCA86002D1247 /* AppDelegate.m */ = {isa = PBXFileReference; lastKnownFileType = sourcecode.c.objc; path = AppDelegate.m; sourceTree = "<group>"; };
		8586E25D181BCA86002D1247 /* Base */ = {isa = PBXFileReference; lastKnownFileType = file.storyboard; name = Base; path = Base.lproj/Main.storyboard; sourceTree = "<group>"; };
		8586E25F181BCA86002D1247 /* ViewController.h */ = {isa = PBXFileReference; lastKnownFileType = sourcecode.c.h; path = ViewController.h; sourceTree = "<group>"; };
		8586E260181BCA87002D1247 /* ViewController.m */ = {isa = PBXFileReference; lastKnownFileType = sourcecode.c.objc; path = ViewController.m; sourceTree = "<group>"; };
		8586E262181BCA87002D1247 /* Images.xcassets */ = {isa = PBXFileReference; lastKnownFileType = folder.assetcatalog; path = Images.xcassets; sourceTree = "<group>"; };
		8586E268181BCA87002D1247 /* day09Tests.xctest */ = {isa = PBXFileReference; explicitFileType = wrapper.cfbundle; includeInIndex = 0; path = day09Tests.xctest; sourceTree = BUILT_PRODUCTS_DIR; };
		8586E269181BCA87002D1247 /* XCTest.framework */ = {isa = PBXFileReference; lastKnownFileType = wrapper.framework; name = XCTest.framework; path = Library/Frameworks/XCTest.framework; sourceTree = DEVELOPER_DIR; };
		8586E271181BCA87002D1247 /* day09Tests-Info.plist */ = {isa = PBXFileReference; lastKnownFileType = text.plist.xml; path = "day09Tests-Info.plist"; sourceTree = "<group>"; };
		8586E273181BCA87002D1247 /* en */ = {isa = PBXFileReference; lastKnownFileType = text.plist.strings; name = en; path = en.lproj/InfoPlist.strings; sourceTree = "<group>"; };
		8586E275181BCA87002D1247 /* day09Tests.m */ = {isa = PBXFileReference; lastKnownFileType = sourcecode.c.objc; path = day09Tests.m; sourceTree = "<group>"; };
/* End PBXFileReference section */

/* Begin PBXFrameworksBuildPhase section */
		8586E244181BCA86002D1247 /* Frameworks */ = {
			isa = PBXFrameworksBuildPhase;
			buildActionMask = 2147483647;
			files = (
				8586E24D181BCA86002D1247 /* CoreGraphics.framework in Frameworks */,
				8586E24F181BCA86002D1247 /* UIKit.framework in Frameworks */,
				8586E24B181BCA86002D1247 /* Foundation.framework in Frameworks */,
			);
			runOnlyForDeploymentPostprocessing = 0;
		};
		8586E265181BCA87002D1247 /* Frameworks */ = {
			isa = PBXFrameworksBuildPhase;
			buildActionMask = 2147483647;
			files = (
				8586E26A181BCA87002D1247 /* XCTest.framework in Frameworks */,
				8586E26C181BCA87002D1247 /* UIKit.framework in Frameworks */,
				8586E26B181BCA87002D1247 /* Foundation.framework in Frameworks */,
			);
			runOnlyForDeploymentPostprocessing = 0;
		};
/* End PBXFrameworksBuildPhase section */

/* Begin PBXGroup section */
		8586E23E181BCA86002D1247 = {
			isa = PBXGroup;
			children = (
				8586E250181BCA86002D1247 /* day09 */,
				8586E26F181BCA87002D1247 /* day09Tests */,
				8586E249181BCA86002D1247 /* Frameworks */,
				8586E248181BCA86002D1247 /* Products */,
			);
			sourceTree = "<group>";
		};
		8586E248181BCA86002D1247 /* Products */ = {
			isa = PBXGroup;
			children = (
				8586E247181BCA86002D1247 /* day09.app */,
				8586E268181BCA87002D1247 /* day09Tests.xctest */,
			);
			name = Products;
			sourceTree = "<group>";
		};
		8586E249181BCA86002D1247 /* Frameworks */ = {
			isa = PBXGroup;
			children = (
				8586E24A181BCA86002D1247 /* Foundation.framework */,
				8586E24C181BCA86002D1247 /* CoreGraphics.framework */,
				8586E24E181BCA86002D1247 /* UIKit.framework */,
				8586E269181BCA87002D1247 /* XCTest.framework */,
			);
			name = Frameworks;
			sourceTree = "<group>";
		};
		8586E250181BCA86002D1247 /* day09 */ = {
			isa = PBXGroup;
			children = (
				8586E259181BCA86002D1247 /* AppDelegate.h */,
				8586E25A181BCA86002D1247 /* AppDelegate.m */,
				8586E25C181BCA86002D1247 /* Main.storyboard */,
				8586E25F181BCA86002D1247 /* ViewController.h */,
				8586E260181BCA87002D1247 /* ViewController.m */,
				8586E262181BCA87002D1247 /* Images.xcassets */,
				8586E251181BCA86002D1247 /* Supporting Files */,
			);
			path = day09;
			sourceTree = "<group>";
		};
		8586E251181BCA86002D1247 /* Supporting Files */ = {
			isa = PBXGroup;
			children = (
				8586E252181BCA86002D1247 /* day09-Info.plist */,
				8586E253181BCA86002D1247 /* InfoPlist.strings */,
				8586E256181BCA86002D1247 /* main.m */,
				8586E258181BCA86002D1247 /* day09-Prefix.pch */,
			);
			name = "Supporting Files";
			sourceTree = "<group>";
		};
		8586E26F181BCA87002D1247 /* day09Tests */ = {
			isa = PBXGroup;
			children = (
				8586E275181BCA87002D1247 /* day09Tests.m */,
				8586E270181BCA87002D1247 /* Supporting Files */,
			);
			path = day09Tests;
			sourceTree = "<group>";
		};
		8586E270181BCA87002D1247 /* Supporting Files */ = {
			isa = PBXGroup;
			children = (
				8586E271181BCA87002D1247 /* day09Tests-Info.plist */,
				8586E272181BCA87002D1247 /* InfoPlist.strings */,
			);
			name = "Supporting Files";
			sourceTree = "<group>";
		};
/* End PBXGroup section */

/* Begin PBXNativeTarget section */
		8586E246181BCA86002D1247 /* day09 */ = {
			isa = PBXNativeTarget;
			buildConfigurationList = 8586E279181BCA87002D1247 /* Build configuration list for PBXNativeTarget "day09" */;
			buildPhases = (
				8586E243181BCA86002D1247 /* Sources */,
				8586E244181BCA86002D1247 /* Frameworks */,
				8586E245181BCA86002D1247 /* Resources */,
			);
			buildRules = (
			);
			dependencies = (
			);
			name = day09;
			productName = day09;
			productReference = 8586E247181BCA86002D1247 /* day09.app */;
			productType = "com.apple.product-type.application";
		};
		8586E267181BCA87002D1247 /* day09Tests */ = {
			isa = PBXNativeTarget;
			buildConfigurationList = 8586E27C181BCA87002D1247 /* Build configuration list for PBXNativeTarget "day09Tests" */;
			buildPhases = (
				8586E264181BCA87002D1247 /* Sources */,
				8586E265181BCA87002D1247 /* Frameworks */,
				8586E266181BCA87002D1247 /* Resources */,
			);
			buildRules = (
			);
			dependencies = (
				8586E26E181BCA87002D1247 /* PBXTargetDependency */,
			);
			name = day09Tests;
			productName = day09Tests;
			productReference = 8586E268181BCA87002D1247 /* day09Tests.xctest */;
			productType = "com.apple.product-type.bundle.unit-test";
		};
/* End PBXNativeTarget section */

/* Begin PBXProject section */
		8586E23F181BCA86002D1247 /* Project object */ = {
			isa = PBXProject;
			attributes = {
				LastUpgradeCheck = 0500;
				ORGANIZATIONNAME = "Nguyen Quoc Bao";
				TargetAttributes = {
					8586E267181BCA87002D1247 = {
						TestTargetID = 8586E246181BCA86002D1247;
					};
				};
			};
			buildConfigurationList = 8586E242181BCA86002D1247 /* Build configuration list for PBXProject "day09" */;
			compatibilityVersion = "Xcode 3.2";
			developmentRegion = English;
			hasScannedForEncodings = 0;
			knownRegions = (
				en,
				Base,
			);
			mainGroup = 8586E23E181BCA86002D1247;
			productRefGroup = 8586E248181BCA86002D1247 /* Products */;
			projectDirPath = "";
			projectRoot = "";
			targets = (
				8586E246181BCA86002D1247 /* day09 */,
				8586E267181BCA87002D1247 /* day09Tests */,
			);
		};
/* End PBXProject section */

/* Begin PBXResourcesBuildPhase section */
		8586E245181BCA86002D1247 /* Resources */ = {
			isa = PBXResourcesBuildPhase;
			buildActionMask = 2147483647;
			files = (
				8586E263181BCA87002D1247 /* Images.xcassets in Resources */,
				8586E255181BCA86002D1247 /* InfoPlist.strings in Resources */,
				8586E25E181BCA86002D1247 /* Main.storyboard in Resources */,
			);
			runOnlyForDeploymentPostprocessing = 0;
		};
		8586E266181BCA87002D1247 /* Resources */ = {
			isa = PBXResourcesBuildPhase;
			buildActionMask = 2147483647;
			files = (
				8586E274181BCA87002D1247 /* InfoPlist.strings in Resources */,
			);
			runOnlyForDeploymentPostprocessing = 0;
		};
/* End PBXResourcesBuildPhase section */

/* Begin PBXSourcesBuildPhase section */
		8586E243181BCA86002D1247 /* Sources */ = {
			isa = PBXSourcesBuildPhase;
			buildActionMask = 2147483647;
			files = (
				8586E261181BCA87002D1247 /* ViewController.m in Sources */,
				8586E25B181BCA86002D1247 /* AppDelegate.m in Sources */,
				8586E257181BCA86002D1247 /* main.m in Sources */,
			);
			runOnlyForDeploymentPostprocessing = 0;
		};
		8586E264181BCA87002D1247 /* Sources */ = {
			isa = PBXSourcesBuildPhase;
			buildActionMask = 2147483647;
			files = (
				8586E276181BCA87002D1247 /* day09Tests.m in Sources */,
			);
			runOnlyForDeploymentPostprocessing = 0;
		};
/* End PBXSourcesBuildPhase section */

/* Begin PBXTargetDependency section */
		8586E26E181BCA87002D1247 /* PBXTargetDependency */ = {
			isa = PBXTargetDependency;
			target = 8586E246181BCA86002D1247 /* day09 */;
			targetProxy = 8586E26D181BCA87002D1247 /* PBXContainerItemProxy */;
		};
/* End PBXTargetDependency section */

/* Begin PBXVariantGroup section */
		8586E253181BCA86002D1247 /* InfoPlist.strings */ = {
			isa = PBXVariantGroup;
			children = (
				8586E254181BCA86002D1247 /* en */,
			);
			name = InfoPlist.strings;
			sourceTree = "<group>";
		};
		8586E25C181BCA86002D1247 /* Main.storyboard */ = {
			isa = PBXVariantGroup;
			children = (
				8586E25D181BCA86002D1247 /* Base */,
			);
			name = Main.storyboard;
			sourceTree = "<group>";
		};
		8586E272181BCA87002D1247 /* InfoPlist.strings */ = {
			isa = PBXVariantGroup;
			children = (
				8586E273181BCA87002D1247 /* en */,
			);
			name = InfoPlist.strings;
			sourceTree = "<group>";
		};
/* End PBXVariantGroup section */

/* Begin XCBuildConfiguration section */
		8586E277181BCA87002D1247 /* Debug */ = {
			isa = XCBuildConfiguration;
			buildSettings = {
				ALWAYS_SEARCH_USER_PATHS = NO;
				ARCHS = "$(ARCHS_STANDARD_INCLUDING_64_BIT)";
				CLANG_CXX_LANGUAGE_STANDARD = "gnu++0x";
				CLANG_CXX_LIBRARY = "libc++";
				CLANG_ENABLE_MODULES = YES;
				CLANG_ENABLE_OBJC_ARC = YES;
				CLANG_WARN_BOOL_CONVERSION = YES;
				CLANG_WARN_CONSTANT_CONVERSION = YES;
				CLANG_WARN_DIRECT_OBJC_ISA_USAGE = YES_ERROR;
				CLANG_WARN_EMPTY_BODY = YES;
				CLANG_WARN_ENUM_CONVERSION = YES;
				CLANG_WARN_INT_CONVERSION = YES;
				CLANG_WARN_OBJC_ROOT_CLASS = YES_ERROR;
				CLANG_WARN__DUPLICATE_METHOD_MATCH = YES;
				"CODE_SIGN_IDENTITY[sdk=iphoneos*]" = "iPhone Developer";
				COPY_PHASE_STRIP = NO;
				GCC_C_LANGUAGE_STANDARD = gnu99;
				GCC_DYNAMIC_NO_PIC = NO;
				GCC_OPTIMIZATION_LEVEL = 0;
				GCC_PREPROCESSOR_DEFINITIONS = (
					"DEBUG=1",
					"$(inherited)",
				);
				GCC_SYMBOLS_PRIVATE_EXTERN = NO;
				GCC_WARN_64_TO_32_BIT_CONVERSION = YES;
				GCC_WARN_ABOUT_RETURN_TYPE = YES_ERROR;
				GCC_WARN_UNDECLARED_SELECTOR = YES;
				GCC_WARN_UNINITIALIZED_AUTOS = YES;
				GCC_WARN_UNUSED_FUNCTION = YES;
				GCC_WARN_UNUSED_VARIABLE = YES;
				IPHONEOS_DEPLOYMENT_TARGET = 7.0;
				ONLY_ACTIVE_ARCH = YES;
				SDKROOT = iphoneos;
			};
			name = Debug;
		};
		8586E278181BCA87002D1247 /* Release */ = {
			isa = XCBuildConfiguration;
			buildSettings = {
				ALWAYS_SEARCH_USER_PATHS = NO;
				ARCHS = "$(ARCHS_STANDARD_INCLUDING_64_BIT)";
				CLANG_CXX_LANGUAGE_STANDARD = "gnu++0x";
				CLANG_CXX_LIBRARY = "libc++";
				CLANG_ENABLE_MODULES = YES;
				CLANG_ENABLE_OBJC_ARC = YES;
				CLANG_WARN_BOOL_CONVERSION = YES;
				CLANG_WARN_CONSTANT_CONVERSION = YES;
				CLANG_WARN_DIRECT_OBJC_ISA_USAGE = YES_ERROR;
				CLANG_WARN_EMPTY_BODY = YES;
				CLANG_WARN_ENUM_CONVERSION = YES;
				CLANG_WARN_INT_CONVERSION = YES;
				CLANG_WARN_OBJC_ROOT_CLASS = YES_ERROR;
				CLANG_WARN__DUPLICATE_METHOD_MATCH = YES;
				"CODE_SIGN_IDENTITY[sdk=iphoneos*]" = "iPhone Developer";
				COPY_PHASE_STRIP = YES;
				ENABLE_NS_ASSERTIONS = NO;
				GCC_C_LANGUAGE_STANDARD = gnu99;
				GCC_WARN_64_TO_32_BIT_CONVERSION = YES;
				GCC_WARN_ABOUT_RETURN_TYPE = YES_ERROR;
				GCC_WARN_UNDECLARED_SELECTOR = YES;
				GCC_WARN_UNINITIALIZED_AUTOS = YES;
				GCC_WARN_UNUSED_FUNCTION = YES;
				GCC_WARN_UNUSED_VARIABLE = YES;
				IPHONEOS_DEPLOYMENT_TARGET = 7.0;
				SDKROOT = iphoneos;
				VALIDATE_PRODUCT = YES;
			};
			name = Release;
		};
		8586E27A181BCA87002D1247 /* Debug */ = {
			isa = XCBuildConfiguration;
			buildSettings = {
				ASSETCATALOG_COMPILER_APPICON_NAME = AppIcon;
				ASSETCATALOG_COMPILER_LAUNCHIMAGE_NAME = LaunchImage;
				GCC_PRECOMPILE_PREFIX_HEADER = YES;
				GCC_PREFIX_HEADER = "day09/day09-Prefix.pch";
				INFOPLIST_FILE = "day09/day09-Info.plist";
				PRODUCT_NAME = "$(TARGET_NAME)";
				WRAPPER_EXTENSION = app;
			};
			name = Debug;
		};
		8586E27B181BCA87002D1247 /* Release */ = {
			isa = XCBuildConfiguration;
			buildSettings = {
				ASSETCATALOG_COMPILER_APPICON_NAME = AppIcon;
				ASSETCATALOG_COMPILER_LAUNCHIMAGE_NAME = LaunchImage;
				GCC_PRECOMPILE_PREFIX_HEADER = YES;
				GCC_PREFIX_HEADER = "day09/day09-Prefix.pch";
				INFOPLIST_FILE = "day09/day09-Info.plist";
				PRODUCT_NAME = "$(TARGET_NAME)";
				WRAPPER_EXTENSION = app;
			};
			name = Release;
		};
		8586E27D181BCA87002D1247 /* Debug */ = {
			isa = XCBuildConfiguration;
			buildSettings = {
				ARCHS = "$(ARCHS_STANDARD_INCLUDING_64_BIT)";
				BUNDLE_LOADER = "$(BUILT_PRODUCTS_DIR)/day09.app/day09";
				FRAMEWORK_SEARCH_PATHS = (
					"$(SDKROOT)/Developer/Library/Frameworks",
					"$(inherited)",
					"$(DEVELOPER_FRAMEWORKS_DIR)",
				);
				GCC_PRECOMPILE_PREFIX_HEADER = YES;
				GCC_PREFIX_HEADER = "day09/day09-Prefix.pch";
				GCC_PREPROCESSOR_DEFINITIONS = (
					"DEBUG=1",
					"$(inherited)",
				);
				INFOPLIST_FILE = "day09Tests/day09Tests-Info.plist";
				PRODUCT_NAME = "$(TARGET_NAME)";
				TEST_HOST = "$(BUNDLE_LOADER)";
				WRAPPER_EXTENSION = xctest;
			};
			name = Debug;
		};
		8586E27E181BCA87002D1247 /* Release */ = {
			isa = XCBuildConfiguration;
			buildSettings = {
				ARCHS = "$(ARCHS_STANDARD_INCLUDING_64_BIT)";
				BUNDLE_LOADER = "$(BUILT_PRODUCTS_DIR)/day09.app/day09";
				FRAMEWORK_SEARCH_PATHS = (
					"$(SDKROOT)/Developer/Library/Frameworks",
					"$(inherited)",
					"$(DEVELOPER_FRAMEWORKS_DIR)",
				);
				GCC_PRECOMPILE_PREFIX_HEADER = YES;
				GCC_PREFIX_HEADER = "day09/day09-Prefix.pch";
				INFOPLIST_FILE = "day09Tests/day09Tests-Info.plist";
				PRODUCT_NAME = "$(TARGET_NAME)";
				TEST_HOST = "$(BUNDLE_LOADER)";
				WRAPPER_EXTENSION = xctest;
			};
			name = Release;
		};
/* End XCBuildConfiguration section */

/* Begin XCConfigurationList section */
		8586E242181BCA86002D1247 /* Build configuration list for PBXProject "day09" */ = {
			isa = XCConfigurationList;
			buildConfigurations = (
				8586E277181BCA87002D1247 /* Debug */,
				8586E278181BCA87002D1247 /* Release */,
			);
			defaultConfigurationIsVisible = 0;
			defaultConfigurationName = Release;
		};
		8586E279181BCA87002D1247 /* Build configuration list for PBXNativeTarget "day09" */ = {
			isa = XCConfigurationList;
			buildConfigurations = (
				8586E27A181BCA87002D1247 /* Debug */,
				8586E27B181BCA87002D1247 /* Release */,
			);
			defaultConfigurationIsVisible = 0;
		};
		8586E27C181BCA87002D1247 /* Build configuration list for PBXNativeTarget "day09Tests" */ = {
			isa = XCConfigurationList;
			buildConfigurations = (
				8586E27D181BCA87002D1247 /* Debug */,
				8586E27E181BCA87002D1247 /* Release */,
			);
			defaultConfigurationIsVisible = 0;
		};
/* End XCConfigurationList section */
	};
	rootObject = 8586E23F181BCA86002D1247 /* Project object */;
}
